
Microsoft Visual Studio Solution File, Format Version 12.00
# Visual Studio Version 17
VisualStudioVersion = 17.0.31903.59
MinimumVisualStudioVersion = 10.0.40219.1
Project("{FAE04EC0-301F-11D3-BF4B-00C04F79EFBC}") = "Lista 1", "Lista 1\Lista 1.csproj", "{0E148D07-645F-4E66-97C8-86FC097B6EEB}"
EndProject
Project("{FAE04EC0-301F-11D3-BF4B-00C04F79EFBC}") = "Lista 2", "Lista 2\Lista 2.csproj", "{B1F7C102-A879-4846-9E96-69B9AC917572}"
EndProject
Project("{FAE04EC0-301F-11D3-BF4B-00C04F79EFBC}") = "Lista 3", "Lista 3\Lista 3.csproj", "{15810D34-038A-40D1-B593-993FD1D52BA4}"
EndProject
Project("{FAE04EC0-301F-11D3-BF4B-00C04F79EFBC}") = "Testes", "Testes\Testes.csproj", "{D7491F0A-ABD1-45F6-9A5A-83820C2977DC}"
EndProject
Project("{FAE04EC0-301F-11D3-BF4B-00C04F79EFBC}") = "Lista 4", "Lista 4\Lista 4.csproj", "{0349C3B2-ECEB-43B9-9A48-26F04E2E02C1}"
EndProject
Project("{FAE04EC0-301F-11D3-BF4B-00C04F79EFBC}") = "Lista 5", "Lista 5\Lista 5.csproj", "{8E9B923E-26C0-4705-95F2-A6F9F6E8A8AD}"
EndProject
Global
	GlobalSection(SolutionConfigurationPlatforms) = preSolution
		Debug|Any CPU = Debug|Any CPU
		Release|Any CPU = Release|Any CPU
	EndGlobalSection
	GlobalSection(SolutionProperties) = preSolution
		HideSolutionNode = FALSE
	EndGlobalSection
	GlobalSection(ProjectConfigurationPlatforms) = postSolution
		{0E148D07-645F-4E66-97C8-86FC097B6EEB}.Debug|Any CPU.ActiveCfg = Debug|Any CPU
		{0E148D07-645F-4E66-97C8-86FC097B6EEB}.Debug|Any CPU.Build.0 = Debug|Any CPU
		{0E148D07-645F-4E66-97C8-86FC097B6EEB}.Release|Any CPU.ActiveCfg = Release|Any CPU
		{0E148D07-645F-4E66-97C8-86FC097B6EEB}.Release|Any CPU.Build.0 = Release|Any CPU
		{B1F7C102-A879-4846-9E96-69B9AC917572}.Debug|Any CPU.ActiveCfg = Debug|Any CPU
		{B1F7C102-A879-4846-9E96-69B9AC917572}.Debug|Any CPU.Build.0 = Debug|Any CPU
		{B1F7C102-A879-4846-9E96-69B9AC917572}.Release|Any CPU.ActiveCfg = Release|Any CPU
		{B1F7C102-A879-4846-9E96-69B9AC917572}.Release|Any CPU.Build.0 = Release|Any CPU
		{15810D34-038A-40D1-B593-993FD1D52BA4}.Debug|Any CPU.ActiveCfg = Debug|Any CPU
		{15810D34-038A-40D1-B593-993FD1D52BA4}.Debug|Any CPU.Build.0 = Debug|Any CPU
		{15810D34-038A-40D1-B593-993FD1D52BA4}.Release|Any CPU.ActiveCfg = Release|Any CPU
		{15810D34-038A-40D1-B593-993FD1D52BA4}.Release|Any CPU.Build.0 = Release|Any CPU
		{D7491F0A-ABD1-45F6-9A5A-83820C2977DC}.Debug|Any CPU.ActiveCfg = Debug|Any CPU
		{D7491F0A-ABD1-45F6-9A5A-83820C2977DC}.Debug|Any CPU.Build.0 = Debug|Any CPU
		{D7491F0A-ABD1-45F6-9A5A-83820C2977DC}.Release|Any CPU.ActiveCfg = Release|Any CPU
		{D7491F0A-ABD1-45F6-9A5A-83820C2977DC}.Release|Any CPU.Build.0 = Release|Any CPU
		{0349C3B2-ECEB-43B9-9A48-26F04E2E02C1}.Debug|Any CPU.ActiveCfg = Debug|Any CPU
		{0349C3B2-ECEB-43B9-9A48-26F04E2E02C1}.Debug|Any CPU.Build.0 = Debug|Any CPU
		{0349C3B2-ECEB-43B9-9A48-26F04E2E02C1}.Release|Any CPU.ActiveCfg = Release|Any CPU
		{0349C3B2-ECEB-43B9-9A48-26F04E2E02C1}.Release|Any CPU.Build.0 = Release|Any CPU
		{8E9B923E-26C0-4705-95F2-A6F9F6E8A8AD}.Debug|Any CPU.ActiveCfg = Debug|Any CPU
		{8E9B923E-26C0-4705-95F2-A6F9F6E8A8AD}.Debug|Any CPU.Build.0 = Debug|Any CPU
		{8E9B923E-26C0-4705-95F2-A6F9F6E8A8AD}.Release|Any CPU.ActiveCfg = Release|Any CPU
		{8E9B923E-26C0-4705-95F2-A6F9F6E8A8AD}.Release|Any CPU.Build.0 = Release|Any CPU
	EndGlobalSection
EndGlobal
